
Microsoft Visual Studio Solution File, Format Version 12.00
# Visual Studio Version 17
VisualStudioVersion = 17.3.32804.467
MinimumVisualStudioVersion = 10.0.40219.1
Project("{FAE04EC0-301F-11D3-BF4B-00C04F79EFBC}") = "EmumResponces", "EmumResponces\EmumResponces.csproj", "{883E7599-1BE7-43DA-9B90-20996EFDF86C}"
EndProject
Global
	GlobalSection(SolutionConfigurationPlatforms) = preSolution
		Debug|Any CPU = Debug|Any CPU
		Release|Any CPU = Release|Any CPU
	EndGlobalSection
	GlobalSection(ProjectConfigurationPlatforms) = postSolution
		{883E7599-1BE7-43DA-9B90-20996EFDF86C}.Debug|Any CPU.ActiveCfg = Debug|Any CPU
		{883E7599-1BE7-43DA-9B90-20996EFDF86C}.Debug|Any CPU.Build.0 = Debug|Any CPU
		{883E7599-1BE7-43DA-9B90-20996EFDF86C}.Release|Any CPU.ActiveCfg = Release|Any CPU
		{883E7599-1BE7-43DA-9B90-20996EFDF86C}.Release|Any CPU.Build.0 = Release|Any CPU
	EndGlobalSection
	GlobalSection(SolutionProperties) = preSolution
		HideSolutionNode = FALSE
	EndGlobalSection
	GlobalSection(ExtensibilityGlobals) = postSolution
		SolutionGuid = {EC2B2A55-389B-450A-A32A-C681DF418695}
	EndGlobalSection
EndGlobal
